
Microsoft Visual Studio Solution File, Format Version 12.00
# Visual Studio Version 16
VisualStudioVersion = 16.0.32002.261
MinimumVisualStudioVersion = 10.0.40219.1
Project("{FAE04EC0-301F-11D3-BF4B-00C04F79EFBC}") = "SCDSteamRando", "SCDSteamRando\SCDSteamRando.csproj", "{A9064E40-964F-456C-84CC-9E735807CCCC}"
EndProject
Project("{8BC9CEB8-8B4A-11D0-8D11-00A0C91BC942}") = "SCD2011Rando", "SCD2011Rando\SCD2011Rando.vcxproj", "{2743323A-2B63-4C4E-A2B0-C75238350219}"
EndProject
Global
	GlobalSection(SolutionConfigurationPlatforms) = preSolution
		Debug|Any CPU = Debug|Any CPU
		Debug|x64 = Debug|x64
		Debug|x86 = Debug|x86
		Release|Any CPU = Release|Any CPU
		Release|x64 = Release|x64
		Release|x86 = Release|x86
	EndGlobalSection
	GlobalSection(ProjectConfigurationPlatforms) = postSolution
		{A9064E40-964F-456C-84CC-9E735807CCCC}.Debug|Any CPU.ActiveCfg = Debug|Any CPU
		{A9064E40-964F-456C-84CC-9E735807CCCC}.Debug|Any CPU.Build.0 = Debug|Any CPU
		{A9064E40-964F-456C-84CC-9E735807CCCC}.Debug|x64.ActiveCfg = Debug|Any CPU
		{A9064E40-964F-456C-84CC-9E735807CCCC}.Debug|x64.Build.0 = Debug|Any CPU
		{A9064E40-964F-456C-84CC-9E735807CCCC}.Debug|x86.ActiveCfg = Debug|Any CPU
		{A9064E40-964F-456C-84CC-9E735807CCCC}.Debug|x86.Build.0 = Debug|Any CPU
		{A9064E40-964F-456C-84CC-9E735807CCCC}.Release|Any CPU.ActiveCfg = Release|Any CPU
		{A9064E40-964F-456C-84CC-9E735807CCCC}.Release|Any CPU.Build.0 = Release|Any CPU
		{A9064E40-964F-456C-84CC-9E735807CCCC}.Release|x64.ActiveCfg = Release|Any CPU
		{A9064E40-964F-456C-84CC-9E735807CCCC}.Release|x64.Build.0 = Release|Any CPU
		{A9064E40-964F-456C-84CC-9E735807CCCC}.Release|x86.ActiveCfg = Release|Any CPU
		{A9064E40-964F-456C-84CC-9E735807CCCC}.Release|x86.Build.0 = Release|Any CPU
		{2743323A-2B63-4C4E-A2B0-C75238350219}.Debug|Any CPU.ActiveCfg = Debug|Win32
		{2743323A-2B63-4C4E-A2B0-C75238350219}.Debug|x64.ActiveCfg = Debug|x64
		{2743323A-2B63-4C4E-A2B0-C75238350219}.Debug|x64.Build.0 = Debug|x64
		{2743323A-2B63-4C4E-A2B0-C75238350219}.Debug|x86.ActiveCfg = Debug|Win32
		{2743323A-2B63-4C4E-A2B0-C75238350219}.Debug|x86.Build.0 = Debug|Win32
		{2743323A-2B63-4C4E-A2B0-C75238350219}.Release|Any CPU.ActiveCfg = Release|Win32
		{2743323A-2B63-4C4E-A2B0-C75238350219}.Release|x64.ActiveCfg = Release|x64
		{2743323A-2B63-4C4E-A2B0-C75238350219}.Release|x64.Build.0 = Release|x64
		{2743323A-2B63-4C4E-A2B0-C75238350219}.Release|x86.ActiveCfg = Release|Win32
		{2743323A-2B63-4C4E-A2B0-C75238350219}.Release|x86.Build.0 = Release|Win32
	EndGlobalSection
	GlobalSection(SolutionProperties) = preSolution
		HideSolutionNode = FALSE
	EndGlobalSection
	GlobalSection(ExtensibilityGlobals) = postSolution
		SolutionGuid = {10528CB9-3D2A-4972-8B62-648D2AC0A98D}
	EndGlobalSection
EndGlobal
